// !$*UTF8*$!
{
	archiveVersion = 1;
	classes = {
	};
	objectVersion = 46;
	objects = {

/* Begin PBXBuildFile section */
		E1FF23790C150D02DE5E5FFF /* Pods_RetirePro.framework in Frameworks */ = {isa = PBXBuildFile; fileRef = 66E32B1F901EDF557F848FF7 /* Pods_RetirePro.framework */; };
		FC1FF8931ED21DD800D82A1F /* CompoundChartViewController.swift in Sources */ = {isa = PBXBuildFile; fileRef = FC1FF8921ED21DD800D82A1F /* CompoundChartViewController.swift */; };
		FC23684B1ED215E200042152 /* InputValueViewController.swift in Sources */ = {isa = PBXBuildFile; fileRef = FC23684A1ED215E200042152 /* InputValueViewController.swift */; };
		FC296E241E81840900CE4EF4 /* ChartsTableViewController.swift in Sources */ = {isa = PBXBuildFile; fileRef = FC296E231E81840900CE4EF4 /* ChartsTableViewController.swift */; };
		FC296E271E81A43E00CE4EF4 /* CompoundChart.swift in Sources */ = {isa = PBXBuildFile; fileRef = FC296E261E81A43E00CE4EF4 /* CompoundChart.swift */; };
		FC51D8741E807B7900E026D1 /* AppDelegate.swift in Sources */ = {isa = PBXBuildFile; fileRef = FC51D8731E807B7900E026D1 /* AppDelegate.swift */; };
		FC51D8791E807B7900E026D1 /* Main.storyboard in Resources */ = {isa = PBXBuildFile; fileRef = FC51D8771E807B7900E026D1 /* Main.storyboard */; };
		FC51D87C1E807B7900E026D1 /* RetirePro.xcdatamodeld in Sources */ = {isa = PBXBuildFile; fileRef = FC51D87A1E807B7900E026D1 /* RetirePro.xcdatamodeld */; };
		FC51D87E1E807B7900E026D1 /* Assets.xcassets in Resources */ = {isa = PBXBuildFile; fileRef = FC51D87D1E807B7900E026D1 /* Assets.xcassets */; };
		FC51D8811E807B7900E026D1 /* LaunchScreen.storyboard in Resources */ = {isa = PBXBuildFile; fileRef = FC51D87F1E807B7900E026D1 /* LaunchScreen.storyboard */; };
/* End PBXBuildFile section */

/* Begin PBXFileReference section */
		171FBDA1892C3D9D356C5E75 /* Pods-RetirePro.release.xcconfig */ = {isa = PBXFileReference; includeInIndex = 1; lastKnownFileType = text.xcconfig; name = "Pods-RetirePro.release.xcconfig"; path = "Pods/Target Support Files/Pods-RetirePro/Pods-RetirePro.release.xcconfig"; sourceTree = "<group>"; };
		571CD64D8AF6488941213239 /* Pods-RetirePro.debug.xcconfig */ = {isa = PBXFileReference; includeInIndex = 1; lastKnownFileType = text.xcconfig; name = "Pods-RetirePro.debug.xcconfig"; path = "Pods/Target Support Files/Pods-RetirePro/Pods-RetirePro.debug.xcconfig"; sourceTree = "<group>"; };
		66E32B1F901EDF557F848FF7 /* Pods_RetirePro.framework */ = {isa = PBXFileReference; explicitFileType = wrapper.framework; includeInIndex = 0; path = Pods_RetirePro.framework; sourceTree = BUILT_PRODUCTS_DIR; };
		FC1FF8921ED21DD800D82A1F /* CompoundChartViewController.swift */ = {isa = PBXFileReference; fileEncoding = 4; lastKnownFileType = sourcecode.swift; path = CompoundChartViewController.swift; sourceTree = "<group>"; };
		FC23684A1ED215E200042152 /* InputValueViewController.swift */ = {isa = PBXFileReference; fileEncoding = 4; lastKnownFileType = sourcecode.swift; path = InputValueViewController.swift; sourceTree = "<group>"; };
		FC296E231E81840900CE4EF4 /* ChartsTableViewController.swift */ = {isa = PBXFileReference; fileEncoding = 4; lastKnownFileType = sourcecode.swift; path = ChartsTableViewController.swift; sourceTree = "<group>"; };
		FC296E261E81A43E00CE4EF4 /* CompoundChart.swift */ = {isa = PBXFileReference; fileEncoding = 4; lastKnownFileType = sourcecode.swift; path = CompoundChart.swift; sourceTree = "<group>"; };
		FC51D8701E807B7900E026D1 /* RetirePro.app */ = {isa = PBXFileReference; explicitFileType = wrapper.application; includeInIndex = 0; path = RetirePro.app; sourceTree = BUILT_PRODUCTS_DIR; };
		FC51D8731E807B7900E026D1 /* AppDelegate.swift */ = {isa = PBXFileReference; lastKnownFileType = sourcecode.swift; path = AppDelegate.swift; sourceTree = "<group>"; };
		FC51D8781E807B7900E026D1 /* Base */ = {isa = PBXFileReference; lastKnownFileType = file.storyboard; name = Base; path = Base.lproj/Main.storyboard; sourceTree = "<group>"; };
		FC51D87B1E807B7900E026D1 /* RetirePro.xcdatamodel */ = {isa = PBXFileReference; lastKnownFileType = wrapper.xcdatamodel; path = RetirePro.xcdatamodel; sourceTree = "<group>"; };
		FC51D87D1E807B7900E026D1 /* Assets.xcassets */ = {isa = PBXFileReference; lastKnownFileType = folder.assetcatalog; path = Assets.xcassets; sourceTree = "<group>"; };
		FC51D8801E807B7900E026D1 /* Base */ = {isa = PBXFileReference; lastKnownFileType = file.storyboard; name = Base; path = Base.lproj/LaunchScreen.storyboard; sourceTree = "<group>"; };
		FC51D8821E807B7900E026D1 /* Info.plist */ = {isa = PBXFileReference; lastKnownFileType = text.plist.xml; path = Info.plist; sourceTree = "<group>"; };
/* End PBXFileReference section */

/* Begin PBXFrameworksBuildPhase section */
		FC51D86D1E807B7900E026D1 /* Frameworks */ = {
			isa = PBXFrameworksBuildPhase;
			buildActionMask = 2147483647;
			files = (
				E1FF23790C150D02DE5E5FFF /* Pods_RetirePro.framework in Frameworks */,
			);
			runOnlyForDeploymentPostprocessing = 0;
		};
/* End PBXFrameworksBuildPhase section */

/* Begin PBXGroup section */
		DB1E45F80AF52DDB3B8B5CEA /* Pods */ = {
			isa = PBXGroup;
			children = (
				571CD64D8AF6488941213239 /* Pods-RetirePro.debug.xcconfig */,
				171FBDA1892C3D9D356C5E75 /* Pods-RetirePro.release.xcconfig */,
			);
			name = Pods;
			sourceTree = "<group>";
		};
		FC296E181E817FD000CE4EF4 /* Support Files */ = {
			isa = PBXGroup;
			children = (
			);
			path = "Support Files";
			sourceTree = "<group>";
		};
		FC51D8671E807B7900E026D1 = {
			isa = PBXGroup;
			children = (
				FC51D8721E807B7900E026D1 /* RetirePro */,
				FC51D8711E807B7900E026D1 /* Products */,
				DB1E45F80AF52DDB3B8B5CEA /* Pods */,
				FCABBF7F7801F0F02B44428A /* Frameworks */,
			);
			sourceTree = "<group>";
		};
		FC51D8711E807B7900E026D1 /* Products */ = {
			isa = PBXGroup;
			children = (
				FC51D8701E807B7900E026D1 /* RetirePro.app */,
			);
			name = Products;
			sourceTree = "<group>";
		};
		FC51D8721E807B7900E026D1 /* RetirePro */ = {
			isa = PBXGroup;
			children = (
				FC296E181E817FD000CE4EF4 /* Support Files */,
				FC51D8731E807B7900E026D1 /* AppDelegate.swift */,
				FC51D8771E807B7900E026D1 /* Main.storyboard */,
				FC51D87D1E807B7900E026D1 /* Assets.xcassets */,
				FC51D87F1E807B7900E026D1 /* LaunchScreen.storyboard */,
				FC51D8821E807B7900E026D1 /* Info.plist */,
				FC51D87A1E807B7900E026D1 /* RetirePro.xcdatamodeld */,
				FC296E231E81840900CE4EF4 /* ChartsTableViewController.swift */,
				FC296E261E81A43E00CE4EF4 /* CompoundChart.swift */,
				FC23684A1ED215E200042152 /* InputValueViewController.swift */,
				FC1FF8921ED21DD800D82A1F /* CompoundChartViewController.swift */,
			);
			path = RetirePro;
			sourceTree = "<group>";
		};
		FCABBF7F7801F0F02B44428A /* Frameworks */ = {
			isa = PBXGroup;
			children = (
				66E32B1F901EDF557F848FF7 /* Pods_RetirePro.framework */,
			);
			name = Frameworks;
			sourceTree = "<group>";
		};
/* End PBXGroup section */

/* Begin PBXNativeTarget section */
		FC51D86F1E807B7900E026D1 /* RetirePro */ = {
			isa = PBXNativeTarget;
			buildConfigurationList = FC51D8851E807B7900E026D1 /* Build configuration list for PBXNativeTarget "RetirePro" */;
			buildPhases = (
				4A33385DCFE8CD0FB38CA71F /* [CP] Check Pods Manifest.lock */,
				FC51D86C1E807B7900E026D1 /* Sources */,
				FC51D86D1E807B7900E026D1 /* Frameworks */,
				FC51D86E1E807B7900E026D1 /* Resources */,
				BC7628FA2F6C8A78183B7139 /* [CP] Embed Pods Frameworks */,
				089BA776177341C0954ACE9A /* [CP] Copy Pods Resources */,
			);
			buildRules = (
			);
			dependencies = (
			);
			name = RetirePro;
			productName = RetirePro;
			productReference = FC51D8701E807B7900E026D1 /* RetirePro.app */;
			productType = "com.apple.product-type.application";
		};
/* End PBXNativeTarget section */

/* Begin PBXProject section */
		FC51D8681E807B7900E026D1 /* Project object */ = {
			isa = PBXProject;
			attributes = {
				LastSwiftUpdateCheck = 0820;
				LastUpgradeCheck = 0820;
				ORGANIZATIONNAME = "Stanford Graduate School of Education";
				TargetAttributes = {
					FC51D86F1E807B7900E026D1 = {
						CreatedOnToolsVersion = 8.2.1;
						DevelopmentTeam = F2DPX9E553;
						ProvisioningStyle = Automatic;
					};
				};
			};
			buildConfigurationList = FC51D86B1E807B7900E026D1 /* Build configuration list for PBXProject "RetirePro" */;
			compatibilityVersion = "Xcode 3.2";
			developmentRegion = English;
			hasScannedForEncodings = 0;
			knownRegions = (
				en,
				Base,
			);
			mainGroup = FC51D8671E807B7900E026D1;
			productRefGroup = FC51D8711E807B7900E026D1 /* Products */;
			projectDirPath = "";
			projectRoot = "";
			targets = (
				FC51D86F1E807B7900E026D1 /* RetirePro */,
			);
		};
/* End PBXProject section */

/* Begin PBXResourcesBuildPhase section */
		FC51D86E1E807B7900E026D1 /* Resources */ = {
			isa = PBXResourcesBuildPhase;
			buildActionMask = 2147483647;
			files = (
				FC51D8811E807B7900E026D1 /* LaunchScreen.storyboard in Resources */,
				FC51D87E1E807B7900E026D1 /* Assets.xcassets in Resources */,
				FC51D8791E807B7900E026D1 /* Main.storyboard in Resources */,
			);
			runOnlyForDeploymentPostprocessing = 0;
		};
/* End PBXResourcesBuildPhase section */

/* Begin PBXShellScriptBuildPhase section */
		089BA776177341C0954ACE9A /* [CP] Copy Pods Resources */ = {
			isa = PBXShellScriptBuildPhase;
			buildActionMask = 2147483647;
			files = (
			);
			inputPaths = (
			);
			name = "[CP] Copy Pods Resources";
			outputPaths = (
			);
			runOnlyForDeploymentPostprocessing = 0;
			shellPath = /bin/sh;
			shellScript = "\"${SRCROOT}/Pods/Target Support Files/Pods-RetirePro/Pods-RetirePro-resources.sh\"\n";
			showEnvVarsInLog = 0;
		};
		4A33385DCFE8CD0FB38CA71F /* [CP] Check Pods Manifest.lock */ = {
			isa = PBXShellScriptBuildPhase;
			buildActionMask = 2147483647;
			files = (
			);
			inputPaths = (
			);
			name = "[CP] Check Pods Manifest.lock";
			outputPaths = (
			);
			runOnlyForDeploymentPostprocessing = 0;
			shellPath = /bin/sh;
			shellScript = "diff \"${PODS_PODFILE_DIR_PATH}/Podfile.lock\" \"${PODS_ROOT}/Manifest.lock\" > /dev/null\nif [ $? != 0 ] ; then\n    # print error to STDERR\n    echo \"error: The sandbox is not in sync with the Podfile.lock. Run 'pod install' or update your CocoaPods installation.\" >&2\n    exit 1\nfi\n";
			showEnvVarsInLog = 0;
		};
		BC7628FA2F6C8A78183B7139 /* [CP] Embed Pods Frameworks */ = {
			isa = PBXShellScriptBuildPhase;
			buildActionMask = 2147483647;
			files = (
			);
			inputPaths = (
			);
			name = "[CP] Embed Pods Frameworks";
			outputPaths = (
			);
			runOnlyForDeploymentPostprocessing = 0;
			shellPath = /bin/sh;
			shellScript = "\"${SRCROOT}/Pods/Target Support Files/Pods-RetirePro/Pods-RetirePro-frameworks.sh\"\n";
			showEnvVarsInLog = 0;
		};
/* End PBXShellScriptBuildPhase section */

/* Begin PBXSourcesBuildPhase section */
		FC51D86C1E807B7900E026D1 /* Sources */ = {
			isa = PBXSourcesBuildPhase;
			buildActionMask = 2147483647;
			files = (
				FC23684B1ED215E200042152 /* InputValueViewController.swift in Sources */,
				FC51D8741E807B7900E026D1 /* AppDelegate.swift in Sources */,
				FC296E271E81A43E00CE4EF4 /* CompoundChart.swift in Sources */,
				FC296E241E81840900CE4EF4 /* ChartsTableViewController.swift in Sources */,
				FC1FF8931ED21DD800D82A1F /* CompoundChartViewController.swift in Sources */,
				FC51D87C1E807B7900E026D1 /* RetirePro.xcdatamodeld in Sources */,
			);
			runOnlyForDeploymentPostprocessing = 0;
		};
/* End PBXSourcesBuildPhase section */

/* Begin PBXVariantGroup section */
		FC51D8771E807B7900E026D1 /* Main.storyboard */ = {
			isa = PBXVariantGroup;
			children = (
				FC51D8781E807B7900E026D1 /* Base */,
			);
			name = Main.storyboard;
			sourceTree = "<group>";
		};
		FC51D87F1E807B7900E026D1 /* LaunchScreen.storyboard */ = {
			isa = PBXVariantGroup;
			children = (
				FC51D8801E807B7900E026D1 /* Base */,
			);
			name = LaunchScreen.storyboard;
			sourceTree = "<group>";
		};
/* End PBXVariantGroup section */

/* Begin XCBuildConfiguration section */
		FC51D8831E807B7900E026D1 /* Debug */ = {
			isa = XCBuildConfiguration;
			buildSettings = {
				ALWAYS_SEARCH_USER_PATHS = NO;
				CLANG_ANALYZER_NONNULL = YES;
				CLANG_CXX_LANGUAGE_STANDARD = "gnu++0x";
				CLANG_CXX_LIBRARY = "libc++";
				CLANG_ENABLE_MODULES = YES;
				CLANG_ENABLE_OBJC_ARC = YES;
				CLANG_WARN_BOOL_CONVERSION = YES;
				CLANG_WARN_CONSTANT_CONVERSION = YES;
				CLANG_WARN_DIRECT_OBJC_ISA_USAGE = YES_ERROR;
				CLANG_WARN_DOCUMENTATION_COMMENTS = YES;
				CLANG_WARN_EMPTY_BODY = YES;
				CLANG_WARN_ENUM_CONVERSION = YES;
				CLANG_WARN_INFINITE_RECURSION = YES;
				CLANG_WARN_INT_CONVERSION = YES;
				CLANG_WARN_OBJC_ROOT_CLASS = YES_ERROR;
				CLANG_WARN_SUSPICIOUS_MOVE = YES;
				CLANG_WARN_UNREACHABLE_CODE = YES;
				CLANG_WARN__DUPLICATE_METHOD_MATCH = YES;
				"CODE_SIGN_IDENTITY[sdk=iphoneos*]" = "iPhone Developer";
				COPY_PHASE_STRIP = NO;
				DEBUG_INFORMATION_FORMAT = dwarf;
				ENABLE_STRICT_OBJC_MSGSEND = YES;
				ENABLE_TESTABILITY = YES;
				GCC_C_LANGUAGE_STANDARD = gnu99;
				GCC_DYNAMIC_NO_PIC = NO;
				GCC_NO_COMMON_BLOCKS = YES;
				GCC_OPTIMIZATION_LEVEL = 0;
				GCC_PREPROCESSOR_DEFINITIONS = (
					"DEBUG=1",
					"$(inherited)",
				);
				GCC_WARN_64_TO_32_BIT_CONVERSION = YES;
				GCC_WARN_ABOUT_RETURN_TYPE = YES_ERROR;
				GCC_WARN_UNDECLARED_SELECTOR = YES;
				GCC_WARN_UNINITIALIZED_AUTOS = YES_AGGRESSIVE;
				GCC_WARN_UNUSED_FUNCTION = YES;
				GCC_WARN_UNUSED_VARIABLE = YES;
				IPHONEOS_DEPLOYMENT_TARGET = 10.2;
				MTL_ENABLE_DEBUG_INFO = YES;
				ONLY_ACTIVE_ARCH = YES;
				SDKROOT = iphoneos;
				SWIFT_ACTIVE_COMPILATION_CONDITIONS = DEBUG;
				SWIFT_OPTIMIZATION_LEVEL = "-Onone";
			};
			name = Debug;
		};
		FC51D8841E807B7900E026D1 /* Release */ = {
			isa = XCBuildConfiguration;
			buildSettings = {
				ALWAYS_SEARCH_USER_PATHS = NO;
				CLANG_ANALYZER_NONNULL = YES;
				CLANG_CXX_LANGUAGE_STANDARD = "gnu++0x";
				CLANG_CXX_LIBRARY = "libc++";
				CLANG_ENABLE_MODULES = YES;
				CLANG_ENABLE_OBJC_ARC = YES;
				CLANG_WARN_BOOL_CONVERSION = YES;
				CLANG_WARN_CONSTANT_CONVERSION = YES;
				CLANG_WARN_DIRECT_OBJC_ISA_USAGE = YES_ERROR;
				CLANG_WARN_DOCUMENTATION_COMMENTS = YES;
				CLANG_WARN_EMPTY_BODY = YES;
				CLANG_WARN_ENUM_CONVERSION = YES;
				CLANG_WARN_INFINITE_RECURSION = YES;
				CLANG_WARN_INT_CONVERSION = YES;
				CLANG_WARN_OBJC_ROOT_CLASS = YES_ERROR;
				CLANG_WARN_SUSPICIOUS_MOVE = YES;
				CLANG_WARN_UNREACHABLE_CODE = YES;
				CLANG_WARN__DUPLICATE_METHOD_MATCH = YES;
				"CODE_SIGN_IDENTITY[sdk=iphoneos*]" = "iPhone Developer";
				COPY_PHASE_STRIP = NO;
				DEBUG_INFORMATION_FORMAT = "dwarf-with-dsym";
				ENABLE_NS_ASSERTIONS = NO;
				ENABLE_STRICT_OBJC_MSGSEND = YES;
				GCC_C_LANGUAGE_STANDARD = gnu99;
				GCC_NO_COMMON_BLOCKS = YES;
				GCC_WARN_64_TO_32_BIT_CONVERSION = YES;
				GCC_WARN_ABOUT_RETURN_TYPE = YES_ERROR;
				GCC_WARN_UNDECLARED_SELECTOR = YES;
				GCC_WARN_UNINITIALIZED_AUTOS = YES_AGGRESSIVE;
				GCC_WARN_UNUSED_FUNCTION = YES;
				GCC_WARN_UNUSED_VARIABLE = YES;
				IPHONEOS_DEPLOYMENT_TARGET = 10.2;
				MTL_ENABLE_DEBUG_INFO = NO;
				SDKROOT = iphoneos;
				SWIFT_OPTIMIZATION_LEVEL = "-Owholemodule";
				VALIDATE_PRODUCT = YES;
			};
			name = Release;
		};
		FC51D8861E807B7900E026D1 /* Debug */ = {
			isa = XCBuildConfiguration;
			baseConfigurationReference = 571CD64D8AF6488941213239 /* Pods-RetirePro.debug.xcconfig */;
			buildSettings = {
				ALWAYS_EMBED_SWIFT_STANDARD_LIBRARIES = YES;
				ASSETCATALOG_COMPILER_APPICON_NAME = AppIcon;
				DEVELOPMENT_TEAM = F2DPX9E553;
				INFOPLIST_FILE = RetirePro/Info.plist;
				LD_RUNPATH_SEARCH_PATHS = "$(inherited) @executable_path/Frameworks";
				PRODUCT_BUNDLE_IDENTIFIER = "edu.stanford.gse-it.RetirePro";
				PRODUCT_NAME = "$(TARGET_NAME)";
				SWIFT_VERSION = 3.0;
			};
			name = Debug;
		};
		FC51D8871E807B7900E026D1 /* Release */ = {
			isa = XCBuildConfiguration;
			baseConfigurationReference = 171FBDA1892C3D9D356C5E75 /* Pods-RetirePro.release.xcconfig */;
			buildSettings = {
				ALWAYS_EMBED_SWIFT_STANDARD_LIBRARIES = YES;
				ASSETCATALOG_COMPILER_APPICON_NAME = AppIcon;
				DEVELOPMENT_TEAM = F2DPX9E553;
				INFOPLIST_FILE = RetirePro/Info.plist;
				LD_RUNPATH_SEARCH_PATHS = "$(inherited) @executable_path/Frameworks";
				PRODUCT_BUNDLE_IDENTIFIER = "edu.stanford.gse-it.RetirePro";
				PRODUCT_NAME = "$(TARGET_NAME)";
				SWIFT_VERSION = 3.0;
			};
			name = Release;
		};
/* End XCBuildConfiguration section */

/* Begin XCConfigurationList section */
		FC51D86B1E807B7900E026D1 /* Build configuration list for PBXProject "RetirePro" */ = {
			isa = XCConfigurationList;
			buildConfigurations = (
				FC51D8831E807B7900E026D1 /* Debug */,
				FC51D8841E807B7900E026D1 /* Release */,
			);
			defaultConfigurationIsVisible = 0;
			defaultConfigurationName = Release;
		};
		FC51D8851E807B7900E026D1 /* Build configuration list for PBXNativeTarget "RetirePro" */ = {
			isa = XCConfigurationList;
			buildConfigurations = (
				FC51D8861E807B7900E026D1 /* Debug */,
				FC51D8871E807B7900E026D1 /* Release */,
			);
			defaultConfigurationIsVisible = 0;
			defaultConfigurationName = Release;
		};
/* End XCConfigurationList section */

/* Begin XCVersionGroup section */
		FC51D87A1E807B7900E026D1 /* RetirePro.xcdatamodeld */ = {
			isa = XCVersionGroup;
			children = (
				FC51D87B1E807B7900E026D1 /* RetirePro.xcdatamodel */,
			);
			currentVersion = FC51D87B1E807B7900E026D1 /* RetirePro.xcdatamodel */;
			path = RetirePro.xcdatamodeld;
			sourceTree = "<group>";
			versionGroupType = wrapper.xcdatamodel;
		};
/* End XCVersionGroup section */
	};
	rootObject = FC51D8681E807B7900E026D1 /* Project object */;
}
